
Microsoft Visual Studio Solution File, Format Version 12.00
# Visual Studio Version 16
VisualStudioVersion = 16.0.31729.503
MinimumVisualStudioVersion = 10.0.40219.1
Project("{FAE04EC0-301F-11D3-BF4B-00C04F79EFBC}") = "taskagıtmakasgalip", "taskagıtmakasgalip\taskagıtmakasgalip.csproj", "{823A146F-61DF-47A9-982E-DACBB4C0B11E}"
EndProject
Global
	GlobalSection(SolutionConfigurationPlatforms) = preSolution
		Debug|Any CPU = Debug|Any CPU
		Release|Any CPU = Release|Any CPU
	EndGlobalSection
	GlobalSection(ProjectConfigurationPlatforms) = postSolution
		{823A146F-61DF-47A9-982E-DACBB4C0B11E}.Debug|Any CPU.ActiveCfg = Debug|Any CPU
		{823A146F-61DF-47A9-982E-DACBB4C0B11E}.Debug|Any CPU.Build.0 = Debug|Any CPU
		{823A146F-61DF-47A9-982E-DACBB4C0B11E}.Release|Any CPU.ActiveCfg = Release|Any CPU
		{823A146F-61DF-47A9-982E-DACBB4C0B11E}.Release|Any CPU.Build.0 = Release|Any CPU
	EndGlobalSection
	GlobalSection(SolutionProperties) = preSolution
		HideSolutionNode = FALSE
	EndGlobalSection
	GlobalSection(ExtensibilityGlobals) = postSolution
		SolutionGuid = {797E0DB0-F246-46F4-ABD1-C1A9AADA52D1}
	EndGlobalSection
EndGlobal
